
Microsoft Visual Studio Solution File, Format Version 12.00
# Visual Studio Version 16
VisualStudioVersion = 16.0.31205.134
MinimumVisualStudioVersion = 10.0.40219.1
Project("{9A19103F-16F7-4668-BE54-9A1E7A4F7556}") = "pipelines-dotnet-core", "src\pipelines-dotnet-core.csproj", "{1A9642CC-2CBF-4783-9CD9-917FD44B4F22}"
EndProject
Project("{FAE04EC0-301F-11D3-BF4B-00C04F79EFBC}") = "UnitTests", "tests\unit-tests\UnitTests.csproj", "{9DEB0EE2-8B53-43E9-B0CD-586D814221B0}"
EndProject
Project("{2150E333-8FDC-42A3-9474-1A3956D46DE8}") = "tests", "tests", "{6FECE20C-6D8D-40F3-BBCE-543E9DDD4D08}"
EndProject
Project("{2150E333-8FDC-42A3-9474-1A3956D46DE8}") = "src", "src", "{96E2A5F5-0AB5-4860-9168-156F272020B0}"
EndProject
Global
	GlobalSection(SolutionConfigurationPlatforms) = preSolution
		Debug|Any CPU = Debug|Any CPU
		Release|Any CPU = Release|Any CPU
	EndGlobalSection
	GlobalSection(ProjectConfigurationPlatforms) = postSolution
		{1A9642CC-2CBF-4783-9CD9-917FD44B4F22}.Debug|Any CPU.ActiveCfg = Debug|Any CPU
		{1A9642CC-2CBF-4783-9CD9-917FD44B4F22}.Debug|Any CPU.Build.0 = Debug|Any CPU
		{1A9642CC-2CBF-4783-9CD9-917FD44B4F22}.Release|Any CPU.ActiveCfg = Release|Any CPU
		{1A9642CC-2CBF-4783-9CD9-917FD44B4F22}.Release|Any CPU.Build.0 = Release|Any CPU
		{9DEB0EE2-8B53-43E9-B0CD-586D814221B0}.Debug|Any CPU.ActiveCfg = Debug|Any CPU
		{9DEB0EE2-8B53-43E9-B0CD-586D814221B0}.Debug|Any CPU.Build.0 = Debug|Any CPU
		{9DEB0EE2-8B53-43E9-B0CD-586D814221B0}.Release|Any CPU.ActiveCfg = Release|Any CPU
		{9DEB0EE2-8B53-43E9-B0CD-586D814221B0}.Release|Any CPU.Build.0 = Release|Any CPU
	EndGlobalSection
	GlobalSection(SolutionProperties) = preSolution
		HideSolutionNode = FALSE
	EndGlobalSection
	GlobalSection(NestedProjects) = preSolution
		{1A9642CC-2CBF-4783-9CD9-917FD44B4F22} = {96E2A5F5-0AB5-4860-9168-156F272020B0}
		{9DEB0EE2-8B53-43E9-B0CD-586D814221B0} = {6FECE20C-6D8D-40F3-BBCE-543E9DDD4D08}
	EndGlobalSection
	GlobalSection(ExtensibilityGlobals) = postSolution
		SolutionGuid = {9A5D9FDD-8DA4-425E-BDDE-019E70EA8470}
	EndGlobalSection
EndGlobal
